
Microsoft Visual Studio Solution File, Format Version 12.00
# Visual Studio Version 17
VisualStudioVersion = 17.9.34728.123
MinimumVisualStudioVersion = 10.0.40219.1
Project("{FAE04EC0-301F-11D3-BF4B-00C04F79EFBC}") = "AllLabsInOne", "AllLabsInOne\AllLabsInOne.csproj", "{A306ACBC-51C3-4656-BD28-61E44FD0DB81}"
EndProject
Global
	GlobalSection(SolutionConfigurationPlatforms) = preSolution
		Debug|Any CPU = Debug|Any CPU
		Release|Any CPU = Release|Any CPU
	EndGlobalSection
	GlobalSection(ProjectConfigurationPlatforms) = postSolution
		{A306ACBC-51C3-4656-BD28-61E44FD0DB81}.Debug|Any CPU.ActiveCfg = Debug|Any CPU
		{A306ACBC-51C3-4656-BD28-61E44FD0DB81}.Debug|Any CPU.Build.0 = Debug|Any CPU
		{A306ACBC-51C3-4656-BD28-61E44FD0DB81}.Release|Any CPU.ActiveCfg = Release|Any CPU
		{A306ACBC-51C3-4656-BD28-61E44FD0DB81}.Release|Any CPU.Build.0 = Release|Any CPU
	EndGlobalSection
	GlobalSection(SolutionProperties) = preSolution
		HideSolutionNode = FALSE
	EndGlobalSection
	GlobalSection(ExtensibilityGlobals) = postSolution
		SolutionGuid = {7B735770-309A-4481-B156-778AFD07ED23}
	EndGlobalSection
EndGlobal
