
Microsoft Visual Studio Solution File, Format Version 12.00
# Visual Studio Version 17
VisualStudioVersion = 17.9.34728.123
MinimumVisualStudioVersion = 10.0.40219.1
Project("{FAE04EC0-301F-11D3-BF4B-00C04F79EFBC}") = "LABA5_1", "LABA5_1\LABA5_1.csproj", "{224FDFE7-ECE2-48C9-B887-8E0545BF6173}"
EndProject
Project("{2150E333-8FDC-42A3-9474-1A3956D46DE8}") = "Solution Items", "Solution Items", "{A1F4CC2B-29CD-46FD-9FC6-A6342E9817F7}"
EndProject
Global
	GlobalSection(SolutionConfigurationPlatforms) = preSolution
		Debug|Any CPU = Debug|Any CPU
		Release|Any CPU = Release|Any CPU
	EndGlobalSection
	GlobalSection(ProjectConfigurationPlatforms) = postSolution
		{224FDFE7-ECE2-48C9-B887-8E0545BF6173}.Debug|Any CPU.ActiveCfg = Debug|Any CPU
		{224FDFE7-ECE2-48C9-B887-8E0545BF6173}.Debug|Any CPU.Build.0 = Debug|Any CPU
		{224FDFE7-ECE2-48C9-B887-8E0545BF6173}.Release|Any CPU.ActiveCfg = Release|Any CPU
		{224FDFE7-ECE2-48C9-B887-8E0545BF6173}.Release|Any CPU.Build.0 = Release|Any CPU
	EndGlobalSection
	GlobalSection(SolutionProperties) = preSolution
		HideSolutionNode = FALSE
	EndGlobalSection
	GlobalSection(ExtensibilityGlobals) = postSolution
		SolutionGuid = {3C8A31B5-4EC5-44EF-B0DA-9A8404C4ED54}
	EndGlobalSection
EndGlobal
